
Microsoft Visual Studio Solution File, Format Version 12.00
# Visual Studio Version 17
VisualStudioVersion = 17.10.35013.160
MinimumVisualStudioVersion = 10.0.40219.1
Project("{FAE04EC0-301F-11D3-BF4B-00C04F79EFBC}") = "Talabat.APIs", "Talabat.APIs\Talabat.APIs.csproj", "{BC9C1D21-68C1-4AA8-8E05-E065AA1C0ADC}"
EndProject
Project("{FAE04EC0-301F-11D3-BF4B-00C04F79EFBC}") = "Talabat.Core", "Talabat.Core\Talabat.Core.csproj", "{C0152A10-95C0-4FE4-833C-F07803A6E7F9}"
EndProject
Project("{FAE04EC0-301F-11D3-BF4B-00C04F79EFBC}") = "Talabat.Repository", "Talabat.Repository\Talabat.Repository.csproj", "{273C9E1F-83C8-4DA0-BD97-AAAC0547372B}"
EndProject
Project("{FAE04EC0-301F-11D3-BF4B-00C04F79EFBC}") = "Talabat.Service", "Talabat.Service\Talabat.Service.csproj", "{C7108DC6-0A07-446E-BCFC-EFA19B67346D}"
EndProject
Global
	GlobalSection(SolutionConfigurationPlatforms) = preSolution
		Debug|Any CPU = Debug|Any CPU
		Release|Any CPU = Release|Any CPU
	EndGlobalSection
	GlobalSection(ProjectConfigurationPlatforms) = postSolution
		{BC9C1D21-68C1-4AA8-8E05-E065AA1C0ADC}.Debug|Any CPU.ActiveCfg = Debug|Any CPU
		{BC9C1D21-68C1-4AA8-8E05-E065AA1C0ADC}.Debug|Any CPU.Build.0 = Debug|Any CPU
		{BC9C1D21-68C1-4AA8-8E05-E065AA1C0ADC}.Release|Any CPU.ActiveCfg = Release|Any CPU
		{BC9C1D21-68C1-4AA8-8E05-E065AA1C0ADC}.Release|Any CPU.Build.0 = Release|Any CPU
		{C0152A10-95C0-4FE4-833C-F07803A6E7F9}.Debug|Any CPU.ActiveCfg = Debug|Any CPU
		{C0152A10-95C0-4FE4-833C-F07803A6E7F9}.Debug|Any CPU.Build.0 = Debug|Any CPU
		{C0152A10-95C0-4FE4-833C-F07803A6E7F9}.Release|Any CPU.ActiveCfg = Release|Any CPU
		{C0152A10-95C0-4FE4-833C-F07803A6E7F9}.Release|Any CPU.Build.0 = Release|Any CPU
		{273C9E1F-83C8-4DA0-BD97-AAAC0547372B}.Debug|Any CPU.ActiveCfg = Debug|Any CPU
		{273C9E1F-83C8-4DA0-BD97-AAAC0547372B}.Debug|Any CPU.Build.0 = Debug|Any CPU
		{273C9E1F-83C8-4DA0-BD97-AAAC0547372B}.Release|Any CPU.ActiveCfg = Release|Any CPU
		{273C9E1F-83C8-4DA0-BD97-AAAC0547372B}.Release|Any CPU.Build.0 = Release|Any CPU
		{C7108DC6-0A07-446E-BCFC-EFA19B67346D}.Debug|Any CPU.ActiveCfg = Debug|Any CPU
		{C7108DC6-0A07-446E-BCFC-EFA19B67346D}.Debug|Any CPU.Build.0 = Debug|Any CPU
		{C7108DC6-0A07-446E-BCFC-EFA19B67346D}.Release|Any CPU.ActiveCfg = Release|Any CPU
		{C7108DC6-0A07-446E-BCFC-EFA19B67346D}.Release|Any CPU.Build.0 = Release|Any CPU
	EndGlobalSection
	GlobalSection(SolutionProperties) = preSolution
		HideSolutionNode = FALSE
	EndGlobalSection
	GlobalSection(ExtensibilityGlobals) = postSolution
		SolutionGuid = {DB4AE4ED-AA92-478D-A1C6-4A7701443E80}
	EndGlobalSection
EndGlobal
